{
  "version": 4,
  "terraform_version": "1.11.4",
  "serial": 6,
  "lineage": "bb7f876d-923f-802d-2184-b3288a00c6e0",
  "outputs": {
    "access_level_name": {
      "value": "accessPolicies/890476823272/accessLevels/Snippd_Launch_Workstation",
      "type": "string"
    },
    "dry_run_only": {
      "value": true,
      "type": "bool"
    },
    "perimeter_name": {
      "value": "accessPolicies/890476823272/servicePerimeters/Snippd_Sovereign_Perimeter",
      "type": "string"
    }
  },
  "resources": [
    {
      "mode": "managed",
      "type": "google_access_context_manager_access_level",
      "name": "launch_workstation",
      "provider": "provider[\"registry.terraform.io/hashicorp/google\"]",
      "instances": [
        {
          "schema_version": 0,
          "attributes": {
            "basic": [
              {
                "combining_function": "AND",
                "conditions": [
                  {
                    "device_policy": [],
                    "ip_subnetworks": [
                      "67.8.231.248/32"
                    ],
                    "members": [],
                    "negate": false,
                    "regions": [],
                    "required_access_levels": [],
                    "vpc_network_sources": []
                  }
                ]
              }
            ],
            "custom": [],
            "description": "",
            "id": "accessPolicies/890476823272/accessLevels/Snippd_Launch_Workstation",
            "name": "accessPolicies/890476823272/accessLevels/Snippd_Launch_Workstation",
            "parent": "accessPolicies/890476823272",
            "timeouts": null,
            "title": "Snippd Launch Workstation"
          },
          "sensitive_attributes": [],
          "private": "eyJlMmJmYjczMC1lY2FhLTExZTYtOGY4OC0zNDM2M2JjN2M0YzAiOnsiY3JlYXRlIjoxMjAwMDAwMDAwMDAwLCJkZWxldGUiOjEyMDAwMDAwMDAwMDAsInVwZGF0ZSI6MTIwMDAwMDAwMDAwMH19"
        }
      ]
    }
  ],
  "check_results": null
}
